
Microsoft Visual Studio Solution File, Format Version 12.00
# Visual Studio Version 17
VisualStudioVersion = 17.5.002.0
MinimumVisualStudioVersion = 10.0.40219.1
Project("{9A19103F-16F7-4668-BE54-9A1E7A4F7556}") = "AnnesLibrary", "AnnesLibrary.csproj", "{DA4BD107-7EEE-4C65-BEA6-1E0519A060A6}"
EndProject
Global
	GlobalSection(SolutionConfigurationPlatforms) = preSolution
		Debug|Any CPU = Debug|Any CPU
		Release|Any CPU = Release|Any CPU
	EndGlobalSection
	GlobalSection(ProjectConfigurationPlatforms) = postSolution
		{DA4BD107-7EEE-4C65-BEA6-1E0519A060A6}.Debug|Any CPU.ActiveCfg = Debug|Any CPU
		{DA4BD107-7EEE-4C65-BEA6-1E0519A060A6}.Debug|Any CPU.Build.0 = Debug|Any CPU
		{DA4BD107-7EEE-4C65-BEA6-1E0519A060A6}.Release|Any CPU.ActiveCfg = Release|Any CPU
		{DA4BD107-7EEE-4C65-BEA6-1E0519A060A6}.Release|Any CPU.Build.0 = Release|Any CPU
	EndGlobalSection
	GlobalSection(SolutionProperties) = preSolution
		HideSolutionNode = FALSE
	EndGlobalSection
	GlobalSection(ExtensibilityGlobals) = postSolution
		SolutionGuid = {9E2CF2AA-0B43-4242-8E36-170AFCB2A3DF}
	EndGlobalSection
EndGlobal
